
Microsoft Visual Studio Solution File, Format Version 12.00
# Visual Studio 15
VisualStudioVersion = 15.0.28307.1525
MinimumVisualStudioVersion = 10.0.40219.1
Project("{FAE04EC0-301F-11D3-BF4B-00C04F79EFBC}") = "SchoolAdminApp", "SchoolAdminApp\SchoolAdminApp.csproj", "{A223D93F-C531-4BD4-B2C5-178AF8BF43CE}"
EndProject
Global
	GlobalSection(SolutionConfigurationPlatforms) = preSolution
		Debug|Any CPU = Debug|Any CPU
		Release|Any CPU = Release|Any CPU
	EndGlobalSection
	GlobalSection(ProjectConfigurationPlatforms) = postSolution
		{A223D93F-C531-4BD4-B2C5-178AF8BF43CE}.Debug|Any CPU.ActiveCfg = Debug|Any CPU
		{A223D93F-C531-4BD4-B2C5-178AF8BF43CE}.Debug|Any CPU.Build.0 = Debug|Any CPU
		{A223D93F-C531-4BD4-B2C5-178AF8BF43CE}.Release|Any CPU.ActiveCfg = Release|Any CPU
		{A223D93F-C531-4BD4-B2C5-178AF8BF43CE}.Release|Any CPU.Build.0 = Release|Any CPU
	EndGlobalSection
	GlobalSection(SolutionProperties) = preSolution
		HideSolutionNode = FALSE
	EndGlobalSection
	GlobalSection(ExtensibilityGlobals) = postSolution
		SolutionGuid = {CD542E8B-1283-4A5F-B9D2-8425EDE7AD22}
	EndGlobalSection
EndGlobal
